// !$*UTF8*$!
{
	archiveVersion = 1;
	classes = {
	};
	objectVersion = 46;
	objects = {

/* Begin PBXBuildFile section */
		349B93741B451861000BE085 /* RootViewController.m in Sources */ = {isa = PBXBuildFile; fileRef = 349B93731B451861000BE085 /* RootViewController.m */; };
		349B93761B451AEC000BE085 /* Images.xcassets in Resources */ = {isa = PBXBuildFile; fileRef = 349B93751B451AEC000BE085 /* Images.xcassets */; };
		349B937F1B451DEC000BE085 /* RootTableView.m in Sources */ = {isa = PBXBuildFile; fileRef = 349B937E1B451DEC000BE085 /* RootTableView.m */; };
		34FBAAC01B3A901400223F4D /* main.m in Sources */ = {isa = PBXBuildFile; fileRef = 34FBAABF1B3A901400223F4D /* main.m */; };
		34FBAAC31B3A901400223F4D /* AppDelegate.m in Sources */ = {isa = PBXBuildFile; fileRef = 34FBAAC21B3A901400223F4D /* AppDelegate.m */; };
		34FBAAC61B3A901400223F4D /* ViewController.m in Sources */ = {isa = PBXBuildFile; fileRef = 34FBAAC51B3A901400223F4D /* ViewController.m */; };
		34FBAAC91B3A901400223F4D /* Main.storyboard in Resources */ = {isa = PBXBuildFile; fileRef = 34FBAAC71B3A901400223F4D /* Main.storyboard */; };
		34FBAACE1B3A901400223F4D /* LaunchScreen.xib in Resources */ = {isa = PBXBuildFile; fileRef = 34FBAACC1B3A901400223F4D /* LaunchScreen.xib */; };
		34FBAADA1B3A901400223F4D /* FirstGitTests.m in Sources */ = {isa = PBXBuildFile; fileRef = 34FBAAD91B3A901400223F4D /* FirstGitTests.m */; };
/* End PBXBuildFile section */

/* Begin PBXContainerItemProxy section */
		34FBAAD41B3A901400223F4D /* PBXContainerItemProxy */ = {
			isa = PBXContainerItemProxy;
			containerPortal = 34FBAAB21B3A901300223F4D /* Project object */;
			proxyType = 1;
			remoteGlobalIDString = 34FBAAB91B3A901400223F4D;
			remoteInfo = FirstGit;
		};
/* End PBXContainerItemProxy section */

/* Begin PBXFileReference section */
		349B93711B45178B000BE085 /* PrefixHeader.pch */ = {isa = PBXFileReference; lastKnownFileType = sourcecode.c.h; path = PrefixHeader.pch; sourceTree = "<group>"; };
		349B93721B451861000BE085 /* RootViewController.h */ = {isa = PBXFileReference; fileEncoding = 4; lastKnownFileType = sourcecode.c.h; path = RootViewController.h; sourceTree = "<group>"; };
		349B93731B451861000BE085 /* RootViewController.m */ = {isa = PBXFileReference; fileEncoding = 4; lastKnownFileType = sourcecode.c.objc; path = RootViewController.m; sourceTree = "<group>"; };
		349B93751B451AEC000BE085 /* Images.xcassets */ = {isa = PBXFileReference; lastKnownFileType = folder.assetcatalog; path = Images.xcassets; sourceTree = "<group>"; };
		349B937D1B451DEC000BE085 /* RootTableView.h */ = {isa = PBXFileReference; fileEncoding = 4; lastKnownFileType = sourcecode.c.h; path = RootTableView.h; sourceTree = "<group>"; };
		349B937E1B451DEC000BE085 /* RootTableView.m */ = {isa = PBXFileReference; fileEncoding = 4; lastKnownFileType = sourcecode.c.objc; path = RootTableView.m; sourceTree = "<group>"; };
		34FBAABA1B3A901400223F4D /* FirstGit.app */ = {isa = PBXFileReference; explicitFileType = wrapper.application; includeInIndex = 0; path = FirstGit.app; sourceTree = BUILT_PRODUCTS_DIR; };
		34FBAABE1B3A901400223F4D /* Info.plist */ = {isa = PBXFileReference; lastKnownFileType = text.plist.xml; path = Info.plist; sourceTree = "<group>"; };
		34FBAABF1B3A901400223F4D /* main.m */ = {isa = PBXFileReference; lastKnownFileType = sourcecode.c.objc; path = main.m; sourceTree = "<group>"; };
		34FBAAC11B3A901400223F4D /* AppDelegate.h */ = {isa = PBXFileReference; lastKnownFileType = sourcecode.c.h; path = AppDelegate.h; sourceTree = "<group>"; };
		34FBAAC21B3A901400223F4D /* AppDelegate.m */ = {isa = PBXFileReference; lastKnownFileType = sourcecode.c.objc; path = AppDelegate.m; sourceTree = "<group>"; };
		34FBAAC41B3A901400223F4D /* ViewController.h */ = {isa = PBXFileReference; lastKnownFileType = sourcecode.c.h; path = ViewController.h; sourceTree = "<group>"; };
		34FBAAC51B3A901400223F4D /* ViewController.m */ = {isa = PBXFileReference; lastKnownFileType = sourcecode.c.objc; path = ViewController.m; sourceTree = "<group>"; };
		34FBAAC81B3A901400223F4D /* Base */ = {isa = PBXFileReference; lastKnownFileType = file.storyboard; name = Base; path = Base.lproj/Main.storyboard; sourceTree = "<group>"; };
		34FBAACD1B3A901400223F4D /* Base */ = {isa = PBXFileReference; lastKnownFileType = file.xib; name = Base; path = Base.lproj/LaunchScreen.xib; sourceTree = "<group>"; };
		34FBAAD31B3A901400223F4D /* FirstGitTests.xctest */ = {isa = PBXFileReference; explicitFileType = wrapper.cfbundle; includeInIndex = 0; path = FirstGitTests.xctest; sourceTree = BUILT_PRODUCTS_DIR; };
		34FBAAD81B3A901400223F4D /* Info.plist */ = {isa = PBXFileReference; lastKnownFileType = text.plist.xml; path = Info.plist; sourceTree = "<group>"; };
		34FBAAD91B3A901400223F4D /* FirstGitTests.m */ = {isa = PBXFileReference; lastKnownFileType = sourcecode.c.objc; path = FirstGitTests.m; sourceTree = "<group>"; };
/* End PBXFileReference section */

/* Begin PBXFrameworksBuildPhase section */
		34FBAAB71B3A901400223F4D /* Frameworks */ = {
			isa = PBXFrameworksBuildPhase;
			buildActionMask = 2147483647;
			files = (
			);
			runOnlyForDeploymentPostprocessing = 0;
		};
		34FBAAD01B3A901400223F4D /* Frameworks */ = {
			isa = PBXFrameworksBuildPhase;
			buildActionMask = 2147483647;
			files = (
			);
			runOnlyForDeploymentPostprocessing = 0;
		};
/* End PBXFrameworksBuildPhase section */

/* Begin PBXGroup section */
		349B93701B451753000BE085 /* viewcontroller */ = {
			isa = PBXGroup;
			children = (
				34FBAAC41B3A901400223F4D /* ViewController.h */,
				34FBAAC51B3A901400223F4D /* ViewController.m */,
				349B93721B451861000BE085 /* RootViewController.h */,
				349B93731B451861000BE085 /* RootViewController.m */,
			);
			name = viewcontroller;
			sourceTree = "<group>";
		};
		349B93791B451BD8000BE085 /* view */ = {
			isa = PBXGroup;
			children = (
				349B937D1B451DEC000BE085 /* RootTableView.h */,
				349B937E1B451DEC000BE085 /* RootTableView.m */,
			);
			name = view;
			sourceTree = "<group>";
		};
		34FBAAB11B3A901300223F4D = {
			isa = PBXGroup;
			children = (
				34FBAABC1B3A901400223F4D /* FirstGit */,
				34FBAAD61B3A901400223F4D /* FirstGitTests */,
				34FBAABB1B3A901400223F4D /* Products */,
			);
			sourceTree = "<group>";
		};
		34FBAABB1B3A901400223F4D /* Products */ = {
			isa = PBXGroup;
			children = (
				34FBAABA1B3A901400223F4D /* FirstGit.app */,
				34FBAAD31B3A901400223F4D /* FirstGitTests.xctest */,
			);
			name = Products;
			sourceTree = "<group>";
		};
		34FBAABC1B3A901400223F4D /* FirstGit */ = {
			isa = PBXGroup;
			children = (
				34FBAAC11B3A901400223F4D /* AppDelegate.h */,
				34FBAAC21B3A901400223F4D /* AppDelegate.m */,
				349B93701B451753000BE085 /* viewcontroller */,
				349B93791B451BD8000BE085 /* view */,
				34FBAAC71B3A901400223F4D /* Main.storyboard */,
				349B93711B45178B000BE085 /* PrefixHeader.pch */,
				349B93751B451AEC000BE085 /* Images.xcassets */,
				34FBAACC1B3A901400223F4D /* LaunchScreen.xib */,
				34FBAABD1B3A901400223F4D /* Supporting Files */,
			);
			path = FirstGit;
			sourceTree = "<group>";
		};
		34FBAABD1B3A901400223F4D /* Supporting Files */ = {
			isa = PBXGroup;
			children = (
				34FBAABE1B3A901400223F4D /* Info.plist */,
				34FBAABF1B3A901400223F4D /* main.m */,
			);
			name = "Supporting Files";
			sourceTree = "<group>";
		};
		34FBAAD61B3A901400223F4D /* FirstGitTests */ = {
			isa = PBXGroup;
			children = (
				34FBAAD91B3A901400223F4D /* FirstGitTests.m */,
				34FBAAD71B3A901400223F4D /* Supporting Files */,
			);
			path = FirstGitTests;
			sourceTree = "<group>";
		};
		34FBAAD71B3A901400223F4D /* Supporting Files */ = {
			isa = PBXGroup;
			children = (
				34FBAAD81B3A901400223F4D /* Info.plist */,
			);
			name = "Supporting Files";
			sourceTree = "<group>";
		};
/* End PBXGroup section */

/* Begin PBXNativeTarget section */
		34FBAAB91B3A901400223F4D /* FirstGit */ = {
			isa = PBXNativeTarget;
			buildConfigurationList = 34FBAADD1B3A901400223F4D /* Build configuration list for PBXNativeTarget "FirstGit" */;
			buildPhases = (
				34FBAAB61B3A901400223F4D /* Sources */,
				34FBAAB71B3A901400223F4D /* Frameworks */,
				34FBAAB81B3A901400223F4D /* Resources */,
			);
			buildRules = (
			);
			dependencies = (
			);
			name = FirstGit;
			productName = FirstGit;
			productReference = 34FBAABA1B3A901400223F4D /* FirstGit.app */;
			productType = "com.apple.product-type.application";
		};
		34FBAAD21B3A901400223F4D /* FirstGitTests */ = {
			isa = PBXNativeTarget;
			buildConfigurationList = 34FBAAE01B3A901400223F4D /* Build configuration list for PBXNativeTarget "FirstGitTests" */;
			buildPhases = (
				34FBAACF1B3A901400223F4D /* Sources */,
				34FBAAD01B3A901400223F4D /* Frameworks */,
				34FBAAD11B3A901400223F4D /* Resources */,
			);
			buildRules = (
			);
			dependencies = (
				34FBAAD51B3A901400223F4D /* PBXTargetDependency */,
			);
			name = FirstGitTests;
			productName = FirstGitTests;
			productReference = 34FBAAD31B3A901400223F4D /* FirstGitTests.xctest */;
			productType = "com.apple.product-type.bundle.unit-test";
		};
/* End PBXNativeTarget section */

/* Begin PBXProject section */
		34FBAAB21B3A901300223F4D /* Project object */ = {
			isa = PBXProject;
			attributes = {
				LastUpgradeCheck = 0610;
				ORGANIZATIONNAME = main.m;
				TargetAttributes = {
					34FBAAB91B3A901400223F4D = {
						CreatedOnToolsVersion = 6.1;
					};
					34FBAAD21B3A901400223F4D = {
						CreatedOnToolsVersion = 6.1;
						TestTargetID = 34FBAAB91B3A901400223F4D;
					};
				};
			};
			buildConfigurationList = 34FBAAB51B3A901300223F4D /* Build configuration list for PBXProject "FirstGit" */;
			compatibilityVersion = "Xcode 3.2";
			developmentRegion = English;
			hasScannedForEncodings = 0;
			knownRegions = (
				en,
				Base,
			);
			mainGroup = 34FBAAB11B3A901300223F4D;
			productRefGroup = 34FBAABB1B3A901400223F4D /* Products */;
			projectDirPath = "";
			projectRoot = "";
			targets = (
				34FBAAB91B3A901400223F4D /* FirstGit */,
				34FBAAD21B3A901400223F4D /* FirstGitTests */,
			);
		};
/* End PBXProject section */

/* Begin PBXResourcesBuildPhase section */
		34FBAAB81B3A901400223F4D /* Resources */ = {
			isa = PBXResourcesBuildPhase;
			buildActionMask = 2147483647;
			files = (
				349B93761B451AEC000BE085 /* Images.xcassets in Resources */,
				34FBAAC91B3A901400223F4D /* Main.storyboard in Resources */,
				34FBAACE1B3A901400223F4D /* LaunchScreen.xib in Resources */,
			);
			runOnlyForDeploymentPostprocessing = 0;
		};
		34FBAAD11B3A901400223F4D /* Resources */ = {
			isa = PBXResourcesBuildPhase;
			buildActionMask = 2147483647;
			files = (
			);
			runOnlyForDeploymentPostprocessing = 0;
		};
/* End PBXResourcesBuildPhase section */

/* Begin PBXSourcesBuildPhase section */
		34FBAAB61B3A901400223F4D /* Sources */ = {
			isa = PBXSourcesBuildPhase;
			buildActionMask = 2147483647;
			files = (
				34FBAAC61B3A901400223F4D /* ViewController.m in Sources */,
				349B937F1B451DEC000BE085 /* RootTableView.m in Sources */,
				34FBAAC31B3A901400223F4D /* AppDelegate.m in Sources */,
				349B93741B451861000BE085 /* RootViewController.m in Sources */,
				34FBAAC01B3A901400223F4D /* main.m in Sources */,
			);
			runOnlyForDeploymentPostprocessing = 0;
		};
		34FBAACF1B3A901400223F4D /* Sources */ = {
			isa = PBXSourcesBuildPhase;
			buildActionMask = 2147483647;
			files = (
				34FBAADA1B3A901400223F4D /* FirstGitTests.m in Sources */,
			);
			runOnlyForDeploymentPostprocessing = 0;
		};
/* End PBXSourcesBuildPhase section */

/* Begin PBXTargetDependency section */
		34FBAAD51B3A901400223F4D /* PBXTargetDependency */ = {
			isa = PBXTargetDependency;
			target = 34FBAAB91B3A901400223F4D /* FirstGit */;
			targetProxy = 34FBAAD41B3A901400223F4D /* PBXContainerItemProxy */;
		};
/* End PBXTargetDependency section */

/* Begin PBXVariantGroup section */
		34FBAAC71B3A901400223F4D /* Main.storyboard */ = {
			isa = PBXVariantGroup;
			children = (
				34FBAAC81B3A901400223F4D /* Base */,
			);
			name = Main.storyboard;
			sourceTree = "<group>";
		};
		34FBAACC1B3A901400223F4D /* LaunchScreen.xib */ = {
			isa = PBXVariantGroup;
			children = (
				34FBAACD1B3A901400223F4D /* Base */,
			);
			name = LaunchScreen.xib;
			sourceTree = "<group>";
		};
/* End PBXVariantGroup section */

/* Begin XCBuildConfiguration section */
		34FBAADB1B3A901400223F4D /* Debug */ = {
			isa = XCBuildConfiguration;
			buildSettings = {
				ALWAYS_SEARCH_USER_PATHS = NO;
				CLANG_CXX_LANGUAGE_STANDARD = "gnu++0x";
				CLANG_CXX_LIBRARY = "libc++";
				CLANG_ENABLE_MODULES = YES;
				CLANG_ENABLE_OBJC_ARC = YES;
				CLANG_WARN_BOOL_CONVERSION = YES;
				CLANG_WARN_CONSTANT_CONVERSION = YES;
				CLANG_WARN_DIRECT_OBJC_ISA_USAGE = YES_ERROR;
				CLANG_WARN_EMPTY_BODY = YES;
				CLANG_WARN_ENUM_CONVERSION = YES;
				CLANG_WARN_INT_CONVERSION = YES;
				CLANG_WARN_OBJC_ROOT_CLASS = YES_ERROR;
				CLANG_WARN_UNREACHABLE_CODE = YES;
				CLANG_WARN__DUPLICATE_METHOD_MATCH = YES;
				"CODE_SIGN_IDENTITY[sdk=iphoneos*]" = "iPhone Developer";
				COPY_PHASE_STRIP = NO;
				ENABLE_STRICT_OBJC_MSGSEND = YES;
				GCC_C_LANGUAGE_STANDARD = gnu99;
				GCC_DYNAMIC_NO_PIC = NO;
				GCC_OPTIMIZATION_LEVEL = 0;
				GCC_PREPROCESSOR_DEFINITIONS = (
					"DEBUG=1",
					"$(inherited)",
				);
				GCC_SYMBOLS_PRIVATE_EXTERN = NO;
				GCC_WARN_64_TO_32_BIT_CONVERSION = YES;
				GCC_WARN_ABOUT_RETURN_TYPE = YES_ERROR;
				GCC_WARN_UNDECLARED_SELECTOR = YES;
				GCC_WARN_UNINITIALIZED_AUTOS = YES_AGGRESSIVE;
				GCC_WARN_UNUSED_FUNCTION = YES;
				GCC_WARN_UNUSED_VARIABLE = YES;
				IPHONEOS_DEPLOYMENT_TARGET = 8.1;
				MTL_ENABLE_DEBUG_INFO = YES;
				ONLY_ACTIVE_ARCH = YES;
				SDKROOT = iphoneos;
				TARGETED_DEVICE_FAMILY = "1,2";
			};
			name = Debug;
		};
		34FBAADC1B3A901400223F4D /* Release */ = {
			isa = XCBuildConfiguration;
			buildSettings = {
				ALWAYS_SEARCH_USER_PATHS = NO;
				CLANG_CXX_LANGUAGE_STANDARD = "gnu++0x";
				CLANG_CXX_LIBRARY = "libc++";
				CLANG_ENABLE_MODULES = YES;
				CLANG_ENABLE_OBJC_ARC = YES;
				CLANG_WARN_BOOL_CONVERSION = YES;
				CLANG_WARN_CONSTANT_CONVERSION = YES;
				CLANG_WARN_DIRECT_OBJC_ISA_USAGE = YES_ERROR;
				CLANG_WARN_EMPTY_BODY = YES;
				CLANG_WARN_ENUM_CONVERSION = YES;
				CLANG_WARN_INT_CONVERSION = YES;
				CLANG_WARN_OBJC_ROOT_CLASS = YES_ERROR;
				CLANG_WARN_UNREACHABLE_CODE = YES;
				CLANG_WARN__DUPLICATE_METHOD_MATCH = YES;
				"CODE_SIGN_IDENTITY[sdk=iphoneos*]" = "iPhone Developer";
				COPY_PHASE_STRIP = YES;
				ENABLE_NS_ASSERTIONS = NO;
				ENABLE_STRICT_OBJC_MSGSEND = YES;
				GCC_C_LANGUAGE_STANDARD = gnu99;
				GCC_WARN_64_TO_32_BIT_CONVERSION = YES;
				GCC_WARN_ABOUT_RETURN_TYPE = YES_ERROR;
				GCC_WARN_UNDECLARED_SELECTOR = YES;
				GCC_WARN_UNINITIALIZED_AUTOS = YES_AGGRESSIVE;
				GCC_WARN_UNUSED_FUNCTION = YES;
				GCC_WARN_UNUSED_VARIABLE = YES;
				IPHONEOS_DEPLOYMENT_TARGET = 8.1;
				MTL_ENABLE_DEBUG_INFO = NO;
				SDKROOT = iphoneos;
				TARGETED_DEVICE_FAMILY = "1,2";
				VALIDATE_PRODUCT = YES;
			};
			name = Release;
		};
		34FBAADE1B3A901400223F4D /* Debug */ = {
			isa = XCBuildConfiguration;
			buildSettings = {
				ASSETCATALOG_COMPILER_APPICON_NAME = AppIcon;
				CLANG_ENABLE_OBJC_ARC = NO;
				GCC_PREFIX_HEADER = "$(SRCROOT)/FirstGit/PrefixHeader.pch";
				INFOPLIST_FILE = FirstGit/Info.plist;
				LD_RUNPATH_SEARCH_PATHS = "$(inherited) @executable_path/Frameworks";
				PRODUCT_NAME = "$(TARGET_NAME)";
			};
			name = Debug;
		};
		34FBAADF1B3A901400223F4D /* Release */ = {
			isa = XCBuildConfiguration;
			buildSettings = {
				ASSETCATALOG_COMPILER_APPICON_NAME = AppIcon;
				CLANG_ENABLE_OBJC_ARC = NO;
				GCC_PREFIX_HEADER = "$(SRCROOT)/FirstGit/PrefixHeader.pch";
				INFOPLIST_FILE = FirstGit/Info.plist;
				LD_RUNPATH_SEARCH_PATHS = "$(inherited) @executable_path/Frameworks";
				PRODUCT_NAME = "$(TARGET_NAME)";
			};
			name = Release;
		};
		34FBAAE11B3A901400223F4D /* Debug */ = {
			isa = XCBuildConfiguration;
			buildSettings = {
				BUNDLE_LOADER = "$(TEST_HOST)";
				FRAMEWORK_SEARCH_PATHS = (
					"$(SDKROOT)/Developer/Library/Frameworks",
					"$(inherited)",
				);
				GCC_PREPROCESSOR_DEFINITIONS = (
					"DEBUG=1",
					"$(inherited)",
				);
				INFOPLIST_FILE = FirstGitTests/Info.plist;
				LD_RUNPATH_SEARCH_PATHS = "$(inherited) @executable_path/Frameworks @loader_path/Frameworks";
				PRODUCT_NAME = "$(TARGET_NAME)";
				TEST_HOST = "$(BUILT_PRODUCTS_DIR)/FirstGit.app/FirstGit";
			};
			name = Debug;
		};
		34FBAAE21B3A901400223F4D /* Release */ = {
			isa = XCBuildConfiguration;
			buildSettings = {
				BUNDLE_LOADER = "$(TEST_HOST)";
				FRAMEWORK_SEARCH_PATHS = (
					"$(SDKROOT)/Developer/Library/Frameworks",
					"$(inherited)",
				);
				INFOPLIST_FILE = FirstGitTests/Info.plist;
				LD_RUNPATH_SEARCH_PATHS = "$(inherited) @executable_path/Frameworks @loader_path/Frameworks";
				PRODUCT_NAME = "$(TARGET_NAME)";
				TEST_HOST = "$(BUILT_PRODUCTS_DIR)/FirstGit.app/FirstGit";
			};
			name = Release;
		};
/* End XCBuildConfiguration section */

/* Begin XCConfigurationList section */
		34FBAAB51B3A901300223F4D /* Build configuration list for PBXProject "FirstGit" */ = {
			isa = XCConfigurationList;
			buildConfigurations = (
				34FBAADB1B3A901400223F4D /* Debug */,
				34FBAADC1B3A901400223F4D /* Release */,
			);
			defaultConfigurationIsVisible = 0;
			defaultConfigurationName = Release;
		};
		34FBAADD1B3A901400223F4D /* Build configuration list for PBXNativeTarget "FirstGit" */ = {
			isa = XCConfigurationList;
			buildConfigurations = (
				34FBAADE1B3A901400223F4D /* Debug */,
				34FBAADF1B3A901400223F4D /* Release */,
			);
			defaultConfigurationIsVisible = 0;
			defaultConfigurationName = Release;
		};
		34FBAAE01B3A901400223F4D /* Build configuration list for PBXNativeTarget "FirstGitTests" */ = {
			isa = XCConfigurationList;
			buildConfigurations = (
				34FBAAE11B3A901400223F4D /* Debug */,
				34FBAAE21B3A901400223F4D /* Release */,
			);
			defaultConfigurationIsVisible = 0;
			defaultConfigurationName = Release;
		};
/* End XCConfigurationList section */
	};
	rootObject = 34FBAAB21B3A901300223F4D /* Project object */;
}
